// !$*UTF8*$!
{
	archiveVersion = 1;
	classes = {
	};
	objectVersion = 46;
	objects = {

/* Begin PBXBuildFile section */
		5913CCC91D356A47003C147C /* SocketIOManager.swift in Sources */ = {isa = PBXBuildFile; fileRef = 5913CCC81D356A47003C147C /* SocketIOManager.swift */; };
		5913CCCB1D360E4F003C147C /* ChatListViewController.swift in Sources */ = {isa = PBXBuildFile; fileRef = 5913CCCA1D360E4F003C147C /* ChatListViewController.swift */; };
		5913CCE11D36BDEF003C147C /* ChatCell.swift in Sources */ = {isa = PBXBuildFile; fileRef = 5913CCDC1D36BDEF003C147C /* ChatCell.swift */; };
		5913CCE41D36BDEF003C147C /* ChatCell.xib in Resources */ = {isa = PBXBuildFile; fileRef = 5913CCDF1D36BDEF003C147C /* ChatCell.xib */; };
		5913CCED1D383BFC003C147C /* gear.png in Resources */ = {isa = PBXBuildFile; fileRef = 5913CCE61D383BFC003C147C /* gear.png */; };
		5913CCEE1D383BFC003C147C /* subscribers.png in Resources */ = {isa = PBXBuildFile; fileRef = 5913CCE71D383BFC003C147C /* subscribers.png */; };
		5913CCEF1D383BFC003C147C /* publishers.png in Resources */ = {isa = PBXBuildFile; fileRef = 5913CCE81D383BFC003C147C /* publishers.png */; };
		5913CCF01D383BFC003C147C /* subscribtions.png in Resources */ = {isa = PBXBuildFile; fileRef = 5913CCE91D383BFC003C147C /* subscribtions.png */; };
		5913CCF11D383BFC003C147C /* add_user.png in Resources */ = {isa = PBXBuildFile; fileRef = 5913CCEA1D383BFC003C147C /* add_user.png */; };
		5913CCF21D383BFC003C147C /* services.png in Resources */ = {isa = PBXBuildFile; fileRef = 5913CCEB1D383BFC003C147C /* services.png */; };
		5913CCF31D383BFC003C147C /* heart.png in Resources */ = {isa = PBXBuildFile; fileRef = 5913CCEC1D383BFC003C147C /* heart.png */; };
		5913CCFA1D3ACC37003C147C /* jog.jpg in Resources */ = {isa = PBXBuildFile; fileRef = 5913CCF91D3ACC37003C147C /* jog.jpg */; };
		5913CCFC1D3ACCD3003C147C /* jog2.jpg in Resources */ = {isa = PBXBuildFile; fileRef = 5913CCFB1D3ACCD2003C147C /* jog2.jpg */; };
		5913CCFE1D3AD5C2003C147C /* PermissionViewController.swift in Sources */ = {isa = PBXBuildFile; fileRef = 5913CCFD1D3AD5C2003C147C /* PermissionViewController.swift */; };
		5913CD031D3BF2A9003C147C /* ChatWindowController.swift in Sources */ = {isa = PBXBuildFile; fileRef = 5913CD021D3BF2A9003C147C /* ChatWindowController.swift */; };
		5918714B1D47F89A00D3426E /* DashboardCell.xib in Resources */ = {isa = PBXBuildFile; fileRef = 5918714A1D47F89A00D3426E /* DashboardCell.xib */; };
		591871511D48878D00D3426E /* StatView.xib in Resources */ = {isa = PBXBuildFile; fileRef = 591871501D48878D00D3426E /* StatView.xib */; };
		591871531D4889D800D3426E /* StatView.swift in Sources */ = {isa = PBXBuildFile; fileRef = 591871521D4889D800D3426E /* StatView.swift */; };
		591871551D488A1B00D3426E /* BaseCell.swift in Sources */ = {isa = PBXBuildFile; fileRef = 591871541D488A1B00D3426E /* BaseCell.swift */; };
		591871571D4925DF00D3426E /* HealthKitManager.swift in Sources */ = {isa = PBXBuildFile; fileRef = 591871561D4925DF00D3426E /* HealthKitManager.swift */; };
		591AD6271D25F32F008E2851 /* icon-blue-health.png in Resources */ = {isa = PBXBuildFile; fileRef = 591AD6261D25F32F008E2851 /* icon-blue-health.png */; };
		591AD62A1D2653A3008E2851 /* RegisterViewController.swift in Sources */ = {isa = PBXBuildFile; fileRef = 591AD6291D2653A3008E2851 /* RegisterViewController.swift */; };
		5931169D1D2CDAE000DCD212 /* User.swift in Sources */ = {isa = PBXBuildFile; fileRef = 5931169C1D2CDAE000DCD212 /* User.swift */; };
		5934181C1D2F930B008528D4 /* DashboardViewController.swift in Sources */ = {isa = PBXBuildFile; fileRef = 5934181B1D2F930B008528D4 /* DashboardViewController.swift */; };
		5934181E1D2F932B008528D4 /* SubscribtionViewController.swift in Sources */ = {isa = PBXBuildFile; fileRef = 5934181D1D2F932B008528D4 /* SubscribtionViewController.swift */; };
		593418221D2F937E008528D4 /* DetailDashboardViewController.swift in Sources */ = {isa = PBXBuildFile; fileRef = 593418211D2F937E008528D4 /* DetailDashboardViewController.swift */; };
		593418241D2F93A9008528D4 /* SettingsViewController.swift in Sources */ = {isa = PBXBuildFile; fileRef = 593418231D2F93A9008528D4 /* SettingsViewController.swift */; };
		593418261D2F93D9008528D4 /* ProfileViewController.swift in Sources */ = {isa = PBXBuildFile; fileRef = 593418251D2F93D9008528D4 /* ProfileViewController.swift */; };
		5934182C1D2F996A008528D4 /* dumbbell-7.png in Resources */ = {isa = PBXBuildFile; fileRef = 593418271D2F996A008528D4 /* dumbbell-7.png */; };
		5934182D1D2F996A008528D4 /* message-7.png in Resources */ = {isa = PBXBuildFile; fileRef = 593418281D2F996A008528D4 /* message-7.png */; };
		5934182E1D2F996A008528D4 /* spanner-7.png in Resources */ = {isa = PBXBuildFile; fileRef = 593418291D2F996A008528D4 /* spanner-7.png */; };
		5934182F1D2F996A008528D4 /* gear-7.png in Resources */ = {isa = PBXBuildFile; fileRef = 5934182A1D2F996A008528D4 /* gear-7.png */; };
		593418301D2F996A008528D4 /* circle-user-7.png in Resources */ = {isa = PBXBuildFile; fileRef = 5934182B1D2F996A008528D4 /* circle-user-7.png */; };
		593418321D3050BC008528D4 /* plus-simple-7.png in Resources */ = {isa = PBXBuildFile; fileRef = 593418311D3050BC008528D4 /* plus-simple-7.png */; };
		593418351D3050C6008528D4 /* up-arrow.png in Resources */ = {isa = PBXBuildFile; fileRef = 593418331D3050C6008528D4 /* up-arrow.png */; };
		593418361D3050C6008528D4 /* down-arrow.png in Resources */ = {isa = PBXBuildFile; fileRef = 593418341D3050C6008528D4 /* down-arrow.png */; };
		5946E8151D4F3657006B91E1 /* Main.storyboard in Resources */ = {isa = PBXBuildFile; fileRef = 5946E8141D4F3657006B91E1 /* Main.storyboard */; };
		59583C301D4D2A3C00FF2523 /* BarChartDashboard.xib in Resources */ = {isa = PBXBuildFile; fileRef = 59583C2F1D4D2A3C00FF2523 /* BarChartDashboard.xib */; };
		59583C321D4D2A7500FF2523 /* LineChartDashboard.xib in Resources */ = {isa = PBXBuildFile; fileRef = 59583C311D4D2A7500FF2523 /* LineChartDashboard.xib */; };
		59583C381D4D30DA00FF2523 /* BarChartDashboard.swift in Sources */ = {isa = PBXBuildFile; fileRef = 59583C371D4D30DA00FF2523 /* BarChartDashboard.swift */; };
		59583C3A1D4D30F800FF2523 /* LineChartDashboard.swift in Sources */ = {isa = PBXBuildFile; fileRef = 59583C391D4D30F800FF2523 /* LineChartDashboard.swift */; };
		59A170831D3F713C004458B7 /* DashboardCell.swift in Sources */ = {isa = PBXBuildFile; fileRef = 59A170811D3F713C004458B7 /* DashboardCell.swift */; };
		59B091481D4B4D9D007E10D1 /* HeartRateCell.swift in Sources */ = {isa = PBXBuildFile; fileRef = 59B091471D4B4D9D007E10D1 /* HeartRateCell.swift */; };
		59B0914E1D4B6156007E10D1 /* HeartRateCell.xib in Resources */ = {isa = PBXBuildFile; fileRef = 59B0914D1D4B6156007E10D1 /* HeartRateCell.xib */; };
		59CE6DDF1D25EC6B004D382B /* LoginViewController.swift in Sources */ = {isa = PBXBuildFile; fileRef = 59CE6DDE1D25EC6B004D382B /* LoginViewController.swift */; };
		59CE6DE11D25EE3F004D382B /* HealthKit.framework in Frameworks */ = {isa = PBXBuildFile; fileRef = 59CE6DE01D25EE3F004D382B /* HealthKit.framework */; };
		59DCDB921D50457B003552A1 /* BaloonMarker.swift in Sources */ = {isa = PBXBuildFile; fileRef = 59DCDB911D50457B003552A1 /* BaloonMarker.swift */; };
		59DCDB941D506518003552A1 /* BaloonMarker.xib in Resources */ = {isa = PBXBuildFile; fileRef = 59DCDB931D506518003552A1 /* BaloonMarker.xib */; };
		59E735961D25987D007F075E /* AppDelegate.swift in Sources */ = {isa = PBXBuildFile; fileRef = 59E735951D25987D007F075E /* AppDelegate.swift */; };
		59E7359D1D25987D007F075E /* Assets.xcassets in Resources */ = {isa = PBXBuildFile; fileRef = 59E7359C1D25987D007F075E /* Assets.xcassets */; };
		59E735A01D25987D007F075E /* LaunchScreen.storyboard in Resources */ = {isa = PBXBuildFile; fileRef = 59E7359E1D25987D007F075E /* LaunchScreen.storyboard */; };
		59E735AF1D259BAB007F075E /* HealthMG_launch_screen_logo.png in Resources */ = {isa = PBXBuildFile; fileRef = 59E735AE1D259BAB007F075E /* HealthMG_launch_screen_logo.png */; };
		6390475BC9D2B371B71E4248 /* Pods_HealthMG.framework in Frameworks */ = {isa = PBXBuildFile; fileRef = 110AD733AC0254D3314F9315 /* Pods_HealthMG.framework */; settings = {ATTRIBUTES = (Required, ); }; };
/* End PBXBuildFile section */

/* Begin PBXFileReference section */
		110AD733AC0254D3314F9315 /* Pods_HealthMG.framework */ = {isa = PBXFileReference; explicitFileType = wrapper.framework; includeInIndex = 0; path = Pods_HealthMG.framework; sourceTree = BUILT_PRODUCTS_DIR; };
		4C99407B3E1CA8C7AD34DAD1 /* Pods-HealthMG.debug.xcconfig */ = {isa = PBXFileReference; includeInIndex = 1; lastKnownFileType = text.xcconfig; name = "Pods-HealthMG.debug.xcconfig"; path = "Pods/Target Support Files/Pods-HealthMG/Pods-HealthMG.debug.xcconfig"; sourceTree = "<group>"; };
		5913CCC81D356A47003C147C /* SocketIOManager.swift */ = {isa = PBXFileReference; fileEncoding = 4; lastKnownFileType = sourcecode.swift; path = SocketIOManager.swift; sourceTree = "<group>"; };
		5913CCCA1D360E4F003C147C /* ChatListViewController.swift */ = {isa = PBXFileReference; fileEncoding = 4; lastKnownFileType = sourcecode.swift; path = ChatListViewController.swift; sourceTree = "<group>"; };
		5913CCDC1D36BDEF003C147C /* ChatCell.swift */ = {isa = PBXFileReference; fileEncoding = 4; lastKnownFileType = sourcecode.swift; path = ChatCell.swift; sourceTree = "<group>"; };
		5913CCDF1D36BDEF003C147C /* ChatCell.xib */ = {isa = PBXFileReference; fileEncoding = 4; lastKnownFileType = file.xib; path = ChatCell.xib; sourceTree = "<group>"; };
		5913CCE61D383BFC003C147C /* gear.png */ = {isa = PBXFileReference; lastKnownFileType = image.png; name = gear.png; path = HealthMG/gear.png; sourceTree = "<group>"; };
		5913CCE71D383BFC003C147C /* subscribers.png */ = {isa = PBXFileReference; lastKnownFileType = image.png; name = subscribers.png; path = HealthMG/subscribers.png; sourceTree = "<group>"; };
		5913CCE81D383BFC003C147C /* publishers.png */ = {isa = PBXFileReference; lastKnownFileType = image.png; name = publishers.png; path = HealthMG/publishers.png; sourceTree = "<group>"; };
		5913CCE91D383BFC003C147C /* subscribtions.png */ = {isa = PBXFileReference; lastKnownFileType = image.png; name = subscribtions.png; path = HealthMG/subscribtions.png; sourceTree = "<group>"; };
		5913CCEA1D383BFC003C147C /* add_user.png */ = {isa = PBXFileReference; lastKnownFileType = image.png; name = add_user.png; path = HealthMG/add_user.png; sourceTree = "<group>"; };
		5913CCEB1D383BFC003C147C /* services.png */ = {isa = PBXFileReference; lastKnownFileType = image.png; name = services.png; path = HealthMG/services.png; sourceTree = "<group>"; };
		5913CCEC1D383BFC003C147C /* heart.png */ = {isa = PBXFileReference; lastKnownFileType = image.png; name = heart.png; path = HealthMG/heart.png; sourceTree = "<group>"; };
		5913CCF91D3ACC37003C147C /* jog.jpg */ = {isa = PBXFileReference; lastKnownFileType = image.jpeg; name = jog.jpg; path = HealthMG/jog.jpg; sourceTree = "<group>"; };
		5913CCFB1D3ACCD2003C147C /* jog2.jpg */ = {isa = PBXFileReference; lastKnownFileType = image.jpeg; name = jog2.jpg; path = HealthMG/jog2.jpg; sourceTree = "<group>"; };
		5913CCFD1D3AD5C2003C147C /* PermissionViewController.swift */ = {isa = PBXFileReference; fileEncoding = 4; lastKnownFileType = sourcecode.swift; path = PermissionViewController.swift; sourceTree = "<group>"; };
		5913CD021D3BF2A9003C147C /* ChatWindowController.swift */ = {isa = PBXFileReference; fileEncoding = 4; lastKnownFileType = sourcecode.swift; path = ChatWindowController.swift; sourceTree = "<group>"; };
		5918714A1D47F89A00D3426E /* DashboardCell.xib */ = {isa = PBXFileReference; fileEncoding = 4; lastKnownFileType = file.xib; path = DashboardCell.xib; sourceTree = "<group>"; };
		591871501D48878D00D3426E /* StatView.xib */ = {isa = PBXFileReference; fileEncoding = 4; lastKnownFileType = file.xib; path = StatView.xib; sourceTree = "<group>"; };
		591871521D4889D800D3426E /* StatView.swift */ = {isa = PBXFileReference; fileEncoding = 4; lastKnownFileType = sourcecode.swift; path = StatView.swift; sourceTree = "<group>"; };
		591871541D488A1B00D3426E /* BaseCell.swift */ = {isa = PBXFileReference; fileEncoding = 4; lastKnownFileType = sourcecode.swift; path = BaseCell.swift; sourceTree = "<group>"; };
		591871561D4925DF00D3426E /* HealthKitManager.swift */ = {isa = PBXFileReference; fileEncoding = 4; lastKnownFileType = sourcecode.swift; path = HealthKitManager.swift; sourceTree = "<group>"; };
		591AD6261D25F32F008E2851 /* icon-blue-health.png */ = {isa = PBXFileReference; lastKnownFileType = image.png; path = "icon-blue-health.png"; sourceTree = "<group>"; };
		591AD6291D2653A3008E2851 /* RegisterViewController.swift */ = {isa = PBXFileReference; fileEncoding = 4; lastKnownFileType = sourcecode.swift; path = RegisterViewController.swift; sourceTree = "<group>"; };
		5931169C1D2CDAE000DCD212 /* User.swift */ = {isa = PBXFileReference; fileEncoding = 4; lastKnownFileType = sourcecode.swift; path = User.swift; sourceTree = "<group>"; };
		5934181B1D2F930B008528D4 /* DashboardViewController.swift */ = {isa = PBXFileReference; fileEncoding = 4; lastKnownFileType = sourcecode.swift; path = DashboardViewController.swift; sourceTree = "<group>"; };
		5934181D1D2F932B008528D4 /* SubscribtionViewController.swift */ = {isa = PBXFileReference; fileEncoding = 4; lastKnownFileType = sourcecode.swift; path = SubscribtionViewController.swift; sourceTree = "<group>"; };
		593418211D2F937E008528D4 /* DetailDashboardViewController.swift */ = {isa = PBXFileReference; fileEncoding = 4; lastKnownFileType = sourcecode.swift; path = DetailDashboardViewController.swift; sourceTree = "<group>"; };
		593418231D2F93A9008528D4 /* SettingsViewController.swift */ = {isa = PBXFileReference; fileEncoding = 4; lastKnownFileType = sourcecode.swift; path = SettingsViewController.swift; sourceTree = "<group>"; };
		593418251D2F93D9008528D4 /* ProfileViewController.swift */ = {isa = PBXFileReference; fileEncoding = 4; lastKnownFileType = sourcecode.swift; path = ProfileViewController.swift; sourceTree = "<group>"; };
		593418271D2F996A008528D4 /* dumbbell-7.png */ = {isa = PBXFileReference; lastKnownFileType = image.png; path = "dumbbell-7.png"; sourceTree = "<group>"; };
		593418281D2F996A008528D4 /* message-7.png */ = {isa = PBXFileReference; lastKnownFileType = image.png; path = "message-7.png"; sourceTree = "<group>"; };
		593418291D2F996A008528D4 /* spanner-7.png */ = {isa = PBXFileReference; lastKnownFileType = image.png; path = "spanner-7.png"; sourceTree = "<group>"; };
		5934182A1D2F996A008528D4 /* gear-7.png */ = {isa = PBXFileReference; lastKnownFileType = image.png; path = "gear-7.png"; sourceTree = "<group>"; };
		5934182B1D2F996A008528D4 /* circle-user-7.png */ = {isa = PBXFileReference; lastKnownFileType = image.png; path = "circle-user-7.png"; sourceTree = "<group>"; };
		593418311D3050BC008528D4 /* plus-simple-7.png */ = {isa = PBXFileReference; lastKnownFileType = image.png; path = "plus-simple-7.png"; sourceTree = "<group>"; };
		593418331D3050C6008528D4 /* up-arrow.png */ = {isa = PBXFileReference; lastKnownFileType = image.png; path = "up-arrow.png"; sourceTree = "<group>"; };
		593418341D3050C6008528D4 /* down-arrow.png */ = {isa = PBXFileReference; lastKnownFileType = image.png; path = "down-arrow.png"; sourceTree = "<group>"; };
		5946E8141D4F3657006B91E1 /* Main.storyboard */ = {isa = PBXFileReference; fileEncoding = 4; lastKnownFileType = file.storyboard; path = Main.storyboard; sourceTree = "<group>"; };
		59583C2F1D4D2A3C00FF2523 /* BarChartDashboard.xib */ = {isa = PBXFileReference; fileEncoding = 4; lastKnownFileType = file.xib; path = BarChartDashboard.xib; sourceTree = "<group>"; };
		59583C311D4D2A7500FF2523 /* LineChartDashboard.xib */ = {isa = PBXFileReference; fileEncoding = 4; lastKnownFileType = file.xib; path = LineChartDashboard.xib; sourceTree = "<group>"; };
		59583C371D4D30DA00FF2523 /* BarChartDashboard.swift */ = {isa = PBXFileReference; fileEncoding = 4; lastKnownFileType = sourcecode.swift; path = BarChartDashboard.swift; sourceTree = "<group>"; };
		59583C391D4D30F800FF2523 /* LineChartDashboard.swift */ = {isa = PBXFileReference; fileEncoding = 4; lastKnownFileType = sourcecode.swift; path = LineChartDashboard.swift; sourceTree = "<group>"; };
		59A170811D3F713C004458B7 /* DashboardCell.swift */ = {isa = PBXFileReference; fileEncoding = 4; lastKnownFileType = sourcecode.swift; path = DashboardCell.swift; sourceTree = "<group>"; };
		59B091471D4B4D9D007E10D1 /* HeartRateCell.swift */ = {isa = PBXFileReference; fileEncoding = 4; lastKnownFileType = sourcecode.swift; path = HeartRateCell.swift; sourceTree = "<group>"; };
		59B0914D1D4B6156007E10D1 /* HeartRateCell.xib */ = {isa = PBXFileReference; fileEncoding = 4; lastKnownFileType = file.xib; path = HeartRateCell.xib; sourceTree = "<group>"; };
		59CE6DDE1D25EC6B004D382B /* LoginViewController.swift */ = {isa = PBXFileReference; fileEncoding = 4; lastKnownFileType = sourcecode.swift; path = LoginViewController.swift; sourceTree = "<group>"; };
		59CE6DE01D25EE3F004D382B /* HealthKit.framework */ = {isa = PBXFileReference; lastKnownFileType = wrapper.framework; name = HealthKit.framework; path = System/Library/Frameworks/HealthKit.framework; sourceTree = SDKROOT; };
		59DCDB911D50457B003552A1 /* BaloonMarker.swift */ = {isa = PBXFileReference; fileEncoding = 4; lastKnownFileType = sourcecode.swift; path = BaloonMarker.swift; sourceTree = "<group>"; };
		59DCDB931D506518003552A1 /* BaloonMarker.xib */ = {isa = PBXFileReference; fileEncoding = 4; lastKnownFileType = file.xib; path = BaloonMarker.xib; sourceTree = "<group>"; };
		59E735921D25987D007F075E /* HealthMG.app */ = {isa = PBXFileReference; explicitFileType = wrapper.application; includeInIndex = 0; path = HealthMG.app; sourceTree = BUILT_PRODUCTS_DIR; };
		59E735951D25987D007F075E /* AppDelegate.swift */ = {isa = PBXFileReference; lastKnownFileType = sourcecode.swift; path = AppDelegate.swift; sourceTree = "<group>"; };
		59E7359C1D25987D007F075E /* Assets.xcassets */ = {isa = PBXFileReference; lastKnownFileType = folder.assetcatalog; path = Assets.xcassets; sourceTree = "<group>"; };
		59E7359F1D25987D007F075E /* Base */ = {isa = PBXFileReference; lastKnownFileType = file.storyboard; name = Base; path = Base.lproj/LaunchScreen.storyboard; sourceTree = "<group>"; };
		59E735A11D25987D007F075E /* Info.plist */ = {isa = PBXFileReference; lastKnownFileType = text.plist.xml; path = Info.plist; sourceTree = "<group>"; };
		59E735A71D259898007F075E /* HealthMG.entitlements */ = {isa = PBXFileReference; lastKnownFileType = text.xml; path = HealthMG.entitlements; sourceTree = "<group>"; };
		59E735AE1D259BAB007F075E /* HealthMG_launch_screen_logo.png */ = {isa = PBXFileReference; lastKnownFileType = image.png; path = HealthMG_launch_screen_logo.png; sourceTree = SOURCE_ROOT; };
		5F0BEB78BC7EB6AF8B738C91 /* Pods-HealthMG.release.xcconfig */ = {isa = PBXFileReference; includeInIndex = 1; lastKnownFileType = text.xcconfig; name = "Pods-HealthMG.release.xcconfig"; path = "Pods/Target Support Files/Pods-HealthMG/Pods-HealthMG.release.xcconfig"; sourceTree = "<group>"; };
/* End PBXFileReference section */

/* Begin PBXFrameworksBuildPhase section */
		59E7358F1D25987D007F075E /* Frameworks */ = {
			isa = PBXFrameworksBuildPhase;
			buildActionMask = 2147483647;
			files = (
				6390475BC9D2B371B71E4248 /* Pods_HealthMG.framework in Frameworks */,
				59CE6DE11D25EE3F004D382B /* HealthKit.framework in Frameworks */,
			);
			runOnlyForDeploymentPostprocessing = 0;
		};
/* End PBXFrameworksBuildPhase section */

/* Begin PBXGroup section */
		18560F14099FB653BFA35683 /* Frameworks */ = {
			isa = PBXGroup;
			children = (
				59CE6DE01D25EE3F004D382B /* HealthKit.framework */,
				110AD733AC0254D3314F9315 /* Pods_HealthMG.framework */,
			);
			name = Frameworks;
			sourceTree = "<group>";
		};
		5913CCDA1D36BDC8003C147C /* Custom views */ = {
			isa = PBXGroup;
			children = (
				59A170811D3F713C004458B7 /* DashboardCell.swift */,
				591871541D488A1B00D3426E /* BaseCell.swift */,
				5913CCDC1D36BDEF003C147C /* ChatCell.swift */,
				5913CCDF1D36BDEF003C147C /* ChatCell.xib */,
				5918714A1D47F89A00D3426E /* DashboardCell.xib */,
				591871501D48878D00D3426E /* StatView.xib */,
				591871521D4889D800D3426E /* StatView.swift */,
				59B091471D4B4D9D007E10D1 /* HeartRateCell.swift */,
				59B0914D1D4B6156007E10D1 /* HeartRateCell.xib */,
				59583C2F1D4D2A3C00FF2523 /* BarChartDashboard.xib */,
				59583C311D4D2A7500FF2523 /* LineChartDashboard.xib */,
				59583C371D4D30DA00FF2523 /* BarChartDashboard.swift */,
				59583C391D4D30F800FF2523 /* LineChartDashboard.swift */,
				59DCDB911D50457B003552A1 /* BaloonMarker.swift */,
				59DCDB931D506518003552A1 /* BaloonMarker.xib */,
			);
			name = "Custom views";
			sourceTree = "<group>";
		};
		593116931D2C7E5900DCD212 /* View Controller  */ = {
			isa = PBXGroup;
			children = (
				59CE6DDE1D25EC6B004D382B /* LoginViewController.swift */,
				591AD6291D2653A3008E2851 /* RegisterViewController.swift */,
				5934181B1D2F930B008528D4 /* DashboardViewController.swift */,
				5934181D1D2F932B008528D4 /* SubscribtionViewController.swift */,
				593418211D2F937E008528D4 /* DetailDashboardViewController.swift */,
				593418231D2F93A9008528D4 /* SettingsViewController.swift */,
				593418251D2F93D9008528D4 /* ProfileViewController.swift */,
				5913CCCA1D360E4F003C147C /* ChatListViewController.swift */,
				5913CCFD1D3AD5C2003C147C /* PermissionViewController.swift */,
				5913CD021D3BF2A9003C147C /* ChatWindowController.swift */,
			);
			name = "View Controller ";
			sourceTree = "<group>";
		};
		5931169B1D2CDA2000DCD212 /* Model */ = {
			isa = PBXGroup;
			children = (
				5931169C1D2CDAE000DCD212 /* User.swift */,
			);
			name = Model;
			sourceTree = "<group>";
		};
		59E735891D25987D007F075E = {
			isa = PBXGroup;
			children = (
				59E735AD1D259B07007F075E /* Images */,
				59E735941D25987D007F075E /* HealthMG */,
				59E735931D25987D007F075E /* Products */,
				5C158414E5A40E8AD01B5612 /* Pods */,
				18560F14099FB653BFA35683 /* Frameworks */,
			);
			sourceTree = "<group>";
		};
		59E735931D25987D007F075E /* Products */ = {
			isa = PBXGroup;
			children = (
				59E735921D25987D007F075E /* HealthMG.app */,
			);
			name = Products;
			sourceTree = "<group>";
		};
		59E735941D25987D007F075E /* HealthMG */ = {
			isa = PBXGroup;
			children = (
				5913CCDA1D36BDC8003C147C /* Custom views */,
				5931169B1D2CDA2000DCD212 /* Model */,
				593116931D2C7E5900DCD212 /* View Controller  */,
				59E735A71D259898007F075E /* HealthMG.entitlements */,
				59E735951D25987D007F075E /* AppDelegate.swift */,
				59E7359C1D25987D007F075E /* Assets.xcassets */,
				59E7359E1D25987D007F075E /* LaunchScreen.storyboard */,
				59E735A11D25987D007F075E /* Info.plist */,
				5946E8141D4F3657006B91E1 /* Main.storyboard */,
				5913CCC81D356A47003C147C /* SocketIOManager.swift */,
				591871561D4925DF00D3426E /* HealthKitManager.swift */,
			);
			path = HealthMG;
			sourceTree = "<group>";
		};
		59E735AD1D259B07007F075E /* Images */ = {
			isa = PBXGroup;
			children = (
				5913CCF91D3ACC37003C147C /* jog.jpg */,
				5913CCFB1D3ACCD2003C147C /* jog2.jpg */,
				5913CCE61D383BFC003C147C /* gear.png */,
				5913CCE71D383BFC003C147C /* subscribers.png */,
				5913CCE81D383BFC003C147C /* publishers.png */,
				5913CCE91D383BFC003C147C /* subscribtions.png */,
				5913CCEA1D383BFC003C147C /* add_user.png */,
				5913CCEB1D383BFC003C147C /* services.png */,
				5913CCEC1D383BFC003C147C /* heart.png */,
				591AD6261D25F32F008E2851 /* icon-blue-health.png */,
				59E735AE1D259BAB007F075E /* HealthMG_launch_screen_logo.png */,
				593418271D2F996A008528D4 /* dumbbell-7.png */,
				593418281D2F996A008528D4 /* message-7.png */,
				593418291D2F996A008528D4 /* spanner-7.png */,
				593418331D3050C6008528D4 /* up-arrow.png */,
				593418341D3050C6008528D4 /* down-arrow.png */,
				5934182A1D2F996A008528D4 /* gear-7.png */,
				593418311D3050BC008528D4 /* plus-simple-7.png */,
				5934182B1D2F996A008528D4 /* circle-user-7.png */,
			);
			name = Images;
			sourceTree = "<group>";
		};
		5C158414E5A40E8AD01B5612 /* Pods */ = {
			isa = PBXGroup;
			children = (
				4C99407B3E1CA8C7AD34DAD1 /* Pods-HealthMG.debug.xcconfig */,
				5F0BEB78BC7EB6AF8B738C91 /* Pods-HealthMG.release.xcconfig */,
			);
			name = Pods;
			sourceTree = "<group>";
		};
/* End PBXGroup section */

/* Begin PBXNativeTarget section */
		59E735911D25987D007F075E /* HealthMG */ = {
			isa = PBXNativeTarget;
			buildConfigurationList = 59E735A41D25987D007F075E /* Build configuration list for PBXNativeTarget "HealthMG" */;
			buildPhases = (
				DE1A0B351433B74E94A337A7 /* [CP] Check Pods Manifest.lock */,
				59E7358E1D25987D007F075E /* Sources */,
				59E7358F1D25987D007F075E /* Frameworks */,
				59E735901D25987D007F075E /* Resources */,
				EC3C7D50A652D70DE13BA519 /* [CP] Embed Pods Frameworks */,
				16D8D4A82745A4954D6E5387 /* [CP] Copy Pods Resources */,
			);
			buildRules = (
			);
			dependencies = (
			);
			name = HealthMG;
			productName = HealthMG;
			productReference = 59E735921D25987D007F075E /* HealthMG.app */;
			productType = "com.apple.product-type.application";
		};
/* End PBXNativeTarget section */

/* Begin PBXProject section */
		59E7358A1D25987D007F075E /* Project object */ = {
			isa = PBXProject;
			attributes = {
				LastSwiftUpdateCheck = 0730;
				LastUpgradeCheck = 0730;
				ORGANIZATIONNAME = "Nithin Reddy Gaddam";
				TargetAttributes = {
					59E735911D25987D007F075E = {
						CreatedOnToolsVersion = 7.3.1;
						DevelopmentTeam = 3FYM93LDK9;
						SystemCapabilities = {
							com.apple.BackgroundModes = {
								enabled = 1;
							};
							com.apple.HealthKit = {
								enabled = 1;
							};
						};
					};
				};
			};
			buildConfigurationList = 59E7358D1D25987D007F075E /* Build configuration list for PBXProject "HealthMG" */;
			compatibilityVersion = "Xcode 3.2";
			developmentRegion = English;
			hasScannedForEncodings = 0;
			knownRegions = (
				en,
				Base,
			);
			mainGroup = 59E735891D25987D007F075E;
			productRefGroup = 59E735931D25987D007F075E /* Products */;
			projectDirPath = "";
			projectRoot = "";
			targets = (
				59E735911D25987D007F075E /* HealthMG */,
			);
		};
/* End PBXProject section */

/* Begin PBXResourcesBuildPhase section */
		59E735901D25987D007F075E /* Resources */ = {
			isa = PBXResourcesBuildPhase;
			buildActionMask = 2147483647;
			files = (
				593418301D2F996A008528D4 /* circle-user-7.png in Resources */,
				591871511D48878D00D3426E /* StatView.xib in Resources */,
				59B0914E1D4B6156007E10D1 /* HeartRateCell.xib in Resources */,
				59583C321D4D2A7500FF2523 /* LineChartDashboard.xib in Resources */,
				5913CCFC1D3ACCD3003C147C /* jog2.jpg in Resources */,
				59583C301D4D2A3C00FF2523 /* BarChartDashboard.xib in Resources */,
				5913CCEE1D383BFC003C147C /* subscribers.png in Resources */,
				5946E8151D4F3657006B91E1 /* Main.storyboard in Resources */,
				59DCDB941D506518003552A1 /* BaloonMarker.xib in Resources */,
				5913CCEF1D383BFC003C147C /* publishers.png in Resources */,
				59E735A01D25987D007F075E /* LaunchScreen.storyboard in Resources */,
				593418321D3050BC008528D4 /* plus-simple-7.png in Resources */,
				591AD6271D25F32F008E2851 /* icon-blue-health.png in Resources */,
				59E735AF1D259BAB007F075E /* HealthMG_launch_screen_logo.png in Resources */,
				5934182E1D2F996A008528D4 /* spanner-7.png in Resources */,
				5918714B1D47F89A00D3426E /* DashboardCell.xib in Resources */,
				5913CCFA1D3ACC37003C147C /* jog.jpg in Resources */,
				5913CCE41D36BDEF003C147C /* ChatCell.xib in Resources */,
				59E7359D1D25987D007F075E /* Assets.xcassets in Resources */,
				593418361D3050C6008528D4 /* down-arrow.png in Resources */,
				5913CCF31D383BFC003C147C /* heart.png in Resources */,
				5913CCED1D383BFC003C147C /* gear.png in Resources */,
				5934182C1D2F996A008528D4 /* dumbbell-7.png in Resources */,
				5913CCF11D383BFC003C147C /* add_user.png in Resources */,
				5913CCF01D383BFC003C147C /* subscribtions.png in Resources */,
				5934182D1D2F996A008528D4 /* message-7.png in Resources */,
				593418351D3050C6008528D4 /* up-arrow.png in Resources */,
				5934182F1D2F996A008528D4 /* gear-7.png in Resources */,
				5913CCF21D383BFC003C147C /* services.png in Resources */,
			);
			runOnlyForDeploymentPostprocessing = 0;
		};
/* End PBXResourcesBuildPhase section */

/* Begin PBXShellScriptBuildPhase section */
		16D8D4A82745A4954D6E5387 /* [CP] Copy Pods Resources */ = {
			isa = PBXShellScriptBuildPhase;
			buildActionMask = 2147483647;
			files = (
			);
			inputPaths = (
			);
			name = "[CP] Copy Pods Resources";
			outputPaths = (
			);
			runOnlyForDeploymentPostprocessing = 0;
			shellPath = /bin/sh;
			shellScript = "\"${SRCROOT}/Pods/Target Support Files/Pods-HealthMG/Pods-HealthMG-resources.sh\"\n";
			showEnvVarsInLog = 0;
		};
		DE1A0B351433B74E94A337A7 /* [CP] Check Pods Manifest.lock */ = {
			isa = PBXShellScriptBuildPhase;
			buildActionMask = 2147483647;
			files = (
			);
			inputPaths = (
			);
			name = "[CP] Check Pods Manifest.lock";
			outputPaths = (
			);
			runOnlyForDeploymentPostprocessing = 0;
			shellPath = /bin/sh;
			shellScript = "diff \"${PODS_ROOT}/../Podfile.lock\" \"${PODS_ROOT}/Manifest.lock\" > /dev/null\nif [[ $? != 0 ]] ; then\n    cat << EOM\nerror: The sandbox is not in sync with the Podfile.lock. Run 'pod install' or update your CocoaPods installation.\nEOM\n    exit 1\nfi\n";
			showEnvVarsInLog = 0;
		};
		EC3C7D50A652D70DE13BA519 /* [CP] Embed Pods Frameworks */ = {
			isa = PBXShellScriptBuildPhase;
			buildActionMask = 2147483647;
			files = (
			);
			inputPaths = (
			);
			name = "[CP] Embed Pods Frameworks";
			outputPaths = (
			);
			runOnlyForDeploymentPostprocessing = 0;
			shellPath = /bin/sh;
			shellScript = "\"${SRCROOT}/Pods/Target Support Files/Pods-HealthMG/Pods-HealthMG-frameworks.sh\"\n";
			showEnvVarsInLog = 0;
		};
/* End PBXShellScriptBuildPhase section */

/* Begin PBXSourcesBuildPhase section */
		59E7358E1D25987D007F075E /* Sources */ = {
			isa = PBXSourcesBuildPhase;
			buildActionMask = 2147483647;
			files = (
				5913CD031D3BF2A9003C147C /* ChatWindowController.swift in Sources */,
				59583C381D4D30DA00FF2523 /* BarChartDashboard.swift in Sources */,
				59CE6DDF1D25EC6B004D382B /* LoginViewController.swift in Sources */,
				59E735961D25987D007F075E /* AppDelegate.swift in Sources */,
				591871571D4925DF00D3426E /* HealthKitManager.swift in Sources */,
				59583C3A1D4D30F800FF2523 /* LineChartDashboard.swift in Sources */,
				5913CCFE1D3AD5C2003C147C /* PermissionViewController.swift in Sources */,
				591871551D488A1B00D3426E /* BaseCell.swift in Sources */,
				5913CCCB1D360E4F003C147C /* ChatListViewController.swift in Sources */,
				593418221D2F937E008528D4 /* DetailDashboardViewController.swift in Sources */,
				591871531D4889D800D3426E /* StatView.swift in Sources */,
				593418261D2F93D9008528D4 /* ProfileViewController.swift in Sources */,
				5934181E1D2F932B008528D4 /* SubscribtionViewController.swift in Sources */,
				5913CCE11D36BDEF003C147C /* ChatCell.swift in Sources */,
				593418241D2F93A9008528D4 /* SettingsViewController.swift in Sources */,
				591AD62A1D2653A3008E2851 /* RegisterViewController.swift in Sources */,
				59DCDB921D50457B003552A1 /* BaloonMarker.swift in Sources */,
				5913CCC91D356A47003C147C /* SocketIOManager.swift in Sources */,
				5934181C1D2F930B008528D4 /* DashboardViewController.swift in Sources */,
				5931169D1D2CDAE000DCD212 /* User.swift in Sources */,
				59B091481D4B4D9D007E10D1 /* HeartRateCell.swift in Sources */,
				59A170831D3F713C004458B7 /* DashboardCell.swift in Sources */,
			);
			runOnlyForDeploymentPostprocessing = 0;
		};
/* End PBXSourcesBuildPhase section */

/* Begin PBXVariantGroup section */
		59E7359E1D25987D007F075E /* LaunchScreen.storyboard */ = {
			isa = PBXVariantGroup;
			children = (
				59E7359F1D25987D007F075E /* Base */,
			);
			name = LaunchScreen.storyboard;
			sourceTree = "<group>";
		};
/* End PBXVariantGroup section */

/* Begin XCBuildConfiguration section */
		59E735A21D25987D007F075E /* Debug */ = {
			isa = XCBuildConfiguration;
			buildSettings = {
				ALWAYS_SEARCH_USER_PATHS = NO;
				CLANG_ANALYZER_NONNULL = YES;
				CLANG_CXX_LANGUAGE_STANDARD = "gnu++0x";
				CLANG_CXX_LIBRARY = "libc++";
				CLANG_ENABLE_MODULES = YES;
				CLANG_ENABLE_OBJC_ARC = YES;
				CLANG_WARN_BOOL_CONVERSION = YES;
				CLANG_WARN_CONSTANT_CONVERSION = YES;
				CLANG_WARN_DIRECT_OBJC_ISA_USAGE = YES_ERROR;
				CLANG_WARN_EMPTY_BODY = YES;
				CLANG_WARN_ENUM_CONVERSION = YES;
				CLANG_WARN_INT_CONVERSION = YES;
				CLANG_WARN_OBJC_ROOT_CLASS = YES_ERROR;
				CLANG_WARN_UNREACHABLE_CODE = YES;
				CLANG_WARN__DUPLICATE_METHOD_MATCH = YES;
				"CODE_SIGN_IDENTITY[sdk=iphoneos*]" = "iPhone Developer";
				COPY_PHASE_STRIP = NO;
				DEBUG_INFORMATION_FORMAT = dwarf;
				ENABLE_STRICT_OBJC_MSGSEND = YES;
				ENABLE_TESTABILITY = YES;
				GCC_C_LANGUAGE_STANDARD = gnu99;
				GCC_DYNAMIC_NO_PIC = NO;
				GCC_NO_COMMON_BLOCKS = YES;
				GCC_OPTIMIZATION_LEVEL = 0;
				GCC_PREPROCESSOR_DEFINITIONS = (
					"DEBUG=1",
					"$(inherited)",
				);
				GCC_WARN_64_TO_32_BIT_CONVERSION = YES;
				GCC_WARN_ABOUT_RETURN_TYPE = YES_ERROR;
				GCC_WARN_UNDECLARED_SELECTOR = YES;
				GCC_WARN_UNINITIALIZED_AUTOS = YES_AGGRESSIVE;
				GCC_WARN_UNUSED_FUNCTION = YES;
				GCC_WARN_UNUSED_VARIABLE = YES;
				IPHONEOS_DEPLOYMENT_TARGET = 9.3;
				MTL_ENABLE_DEBUG_INFO = YES;
				ONLY_ACTIVE_ARCH = YES;
				SDKROOT = iphoneos;
				SWIFT_OPTIMIZATION_LEVEL = "-Onone";
			};
			name = Debug;
		};
		59E735A31D25987D007F075E /* Release */ = {
			isa = XCBuildConfiguration;
			buildSettings = {
				ALWAYS_SEARCH_USER_PATHS = NO;
				CLANG_ANALYZER_NONNULL = YES;
				CLANG_CXX_LANGUAGE_STANDARD = "gnu++0x";
				CLANG_CXX_LIBRARY = "libc++";
				CLANG_ENABLE_MODULES = YES;
				CLANG_ENABLE_OBJC_ARC = YES;
				CLANG_WARN_BOOL_CONVERSION = YES;
				CLANG_WARN_CONSTANT_CONVERSION = YES;
				CLANG_WARN_DIRECT_OBJC_ISA_USAGE = YES_ERROR;
				CLANG_WARN_EMPTY_BODY = YES;
				CLANG_WARN_ENUM_CONVERSION = YES;
				CLANG_WARN_INT_CONVERSION = YES;
				CLANG_WARN_OBJC_ROOT_CLASS = YES_ERROR;
				CLANG_WARN_UNREACHABLE_CODE = YES;
				CLANG_WARN__DUPLICATE_METHOD_MATCH = YES;
				"CODE_SIGN_IDENTITY[sdk=iphoneos*]" = "iPhone Developer";
				COPY_PHASE_STRIP = NO;
				DEBUG_INFORMATION_FORMAT = "dwarf-with-dsym";
				ENABLE_NS_ASSERTIONS = NO;
				ENABLE_STRICT_OBJC_MSGSEND = YES;
				GCC_C_LANGUAGE_STANDARD = gnu99;
				GCC_NO_COMMON_BLOCKS = YES;
				GCC_WARN_64_TO_32_BIT_CONVERSION = YES;
				GCC_WARN_ABOUT_RETURN_TYPE = YES_ERROR;
				GCC_WARN_UNDECLARED_SELECTOR = YES;
				GCC_WARN_UNINITIALIZED_AUTOS = YES_AGGRESSIVE;
				GCC_WARN_UNUSED_FUNCTION = YES;
				GCC_WARN_UNUSED_VARIABLE = YES;
				IPHONEOS_DEPLOYMENT_TARGET = 9.3;
				MTL_ENABLE_DEBUG_INFO = NO;
				SDKROOT = iphoneos;
				VALIDATE_PRODUCT = YES;
			};
			name = Release;
		};
		59E735A51D25987D007F075E /* Debug */ = {
			isa = XCBuildConfiguration;
			baseConfigurationReference = 4C99407B3E1CA8C7AD34DAD1 /* Pods-HealthMG.debug.xcconfig */;
			buildSettings = {
				ASSETCATALOG_COMPILER_APPICON_NAME = AppIcon;
				CODE_SIGN_ENTITLEMENTS = HealthMG/HealthMG.entitlements;
				CODE_SIGN_IDENTITY = "iPhone Developer";
				"CODE_SIGN_IDENTITY[sdk=iphoneos*]" = "iPhone Developer";
				INFOPLIST_FILE = HealthMG/Info.plist;
				LD_RUNPATH_SEARCH_PATHS = "$(inherited) @executable_path/Frameworks";
				PRODUCT_BUNDLE_IDENTIFIER = nrg.inc.HealthMG7;
				PRODUCT_NAME = "$(TARGET_NAME)";
				PROVISIONING_PROFILE = "";
			};
			name = Debug;
		};
		59E735A61D25987D007F075E /* Release */ = {
			isa = XCBuildConfiguration;
			baseConfigurationReference = 5F0BEB78BC7EB6AF8B738C91 /* Pods-HealthMG.release.xcconfig */;
			buildSettings = {
				ASSETCATALOG_COMPILER_APPICON_NAME = AppIcon;
				CODE_SIGN_ENTITLEMENTS = HealthMG/HealthMG.entitlements;
				CODE_SIGN_IDENTITY = "iPhone Developer";
				"CODE_SIGN_IDENTITY[sdk=iphoneos*]" = "iPhone Developer";
				INFOPLIST_FILE = HealthMG/Info.plist;
				LD_RUNPATH_SEARCH_PATHS = "$(inherited) @executable_path/Frameworks";
				PRODUCT_BUNDLE_IDENTIFIER = nrg.inc.HealthMG7;
				PRODUCT_NAME = "$(TARGET_NAME)";
				PROVISIONING_PROFILE = "";
			};
			name = Release;
		};
/* End XCBuildConfiguration section */

/* Begin XCConfigurationList section */
		59E7358D1D25987D007F075E /* Build configuration list for PBXProject "HealthMG" */ = {
			isa = XCConfigurationList;
			buildConfigurations = (
				59E735A21D25987D007F075E /* Debug */,
				59E735A31D25987D007F075E /* Release */,
			);
			defaultConfigurationIsVisible = 0;
			defaultConfigurationName = Release;
		};
		59E735A41D25987D007F075E /* Build configuration list for PBXNativeTarget "HealthMG" */ = {
			isa = XCConfigurationList;
			buildConfigurations = (
				59E735A51D25987D007F075E /* Debug */,
				59E735A61D25987D007F075E /* Release */,
			);
			defaultConfigurationIsVisible = 0;
			defaultConfigurationName = Release;
		};
/* End XCConfigurationList section */
	};
	rootObject = 59E7358A1D25987D007F075E /* Project object */;
}
