PODS:
  - ActionSheetPicker-3.0 (2.2.0)
  - Alamofire (3.4.1)
  - ARSLineProgress (1.2.1)
  - ChameleonFramework/Default (2.1.0)
  - ChameleonFramework/Swift (2.1.0):
    - ChameleonFramework/Default
  - Charts (2.2.5):
    - Charts/Core (= 2.2.5)
  - Charts/Core (2.2.5)
  - Chatto (1.0.0)
  - ChattoAdditions (1.0.0):
    - Chatto
  - CocoaLumberjack (2.3.0):
    - CocoaLumberjack/Default (= 2.3.0)
    - CocoaLumberjack/Extensions (= 2.3.0)
  - CocoaLumberjack/Core (2.3.0)
  - CocoaLumberjack/Default (2.3.0):
    - CocoaLumberjack/Core
  - CocoaLumberjack/Extensions (2.3.0):
    - CocoaLumberjack/Default
  - DGRunkeeperSwitch (1.1.1)
  - Eureka (1.7.0)
  - JBChartView (3.0.12)
  - MGSwipeTableCell (1.5.5)
  - MPGNotification (1.2.4)
  - paper-onboarding (1.1.3)
  - PNChartSwift (0.0.2)
  - PureLayout (3.0.2)
  - SimpleKeychain (0.7.0)
  - SkyFloatingLabelTextField (1.2.1)
  - Socket.IO-Client-Swift (6.1.4)
  - SwiftDate (3.0.8)
  - SwiftyJSON (2.3.2)

DEPENDENCIES:
  - ActionSheetPicker-3.0
  - Alamofire (~> 3.4)
  - ARSLineProgress (~> 1.0)
  - ChameleonFramework/Swift
  - Charts
  - Chatto (= 1.0.0)
  - ChattoAdditions (~> 1.0.0)
  - CocoaLumberjack
  - DGRunkeeperSwitch (~> 1.1)
  - Eureka (~> 1.7)
  - JBChartView
  - MGSwipeTableCell
  - MPGNotification (~> 1.2)
  - paper-onboarding
  - PNChartSwift (from `https://github.com/kevinzhow/PNChart-Swift.git`)
  - PureLayout
  - SimpleKeychain
  - SkyFloatingLabelTextField (~> 1.0)
  - Socket.IO-Client-Swift (~> 6.1.4)
  - SwiftDate
  - SwiftyJSON

EXTERNAL SOURCES:
  PNChartSwift:
    :git: https://github.com/kevinzhow/PNChart-Swift.git

CHECKOUT OPTIONS:
  PNChartSwift:
    :commit: 88eb8bcb4cd415d02775b2d355542b8bd338712d
    :git: https://github.com/kevinzhow/PNChart-Swift.git

SPEC CHECKSUMS:
  ActionSheetPicker-3.0: d11a4c12c6aaf704b8a3f56d179198c99f3e41e6
  Alamofire: 01a82e2f6c0f860ade35534c8dd88be61bdef40c
  ARSLineProgress: 6761482b13a0b0b8723fe25e0117cdc543f46ff8
  ChameleonFramework: d21a3cc247abfe5e37609a283a8238b03575cf64
  Charts: b48fcc8d7190de910ff9e9748f5360c8ea7856e5
  Chatto: 531b14bbb7d21dfc50a86fc4ff70a90367171403
  ChattoAdditions: 27c7b59f4c1b1d51d5f37c7199164982fcc59edf
  CocoaLumberjack: 97fab7ee5f507fe54445cca7ea80f926729cfd15
  DGRunkeeperSwitch: da12f199532a99958a1e87ec0a5af61efdba11ec
  Eureka: 2020d9faeef7b7e9adeb9e3d8af779e5931c1897
  JBChartView: 08877554448ccf99c12625ad0ebce70588ff8318
  MGSwipeTableCell: bafeb5f351124544c9364ecbdf24c7b06a37d340
  MPGNotification: f0e3924087afa9b3eccd5ce624e03965ae31ae61
  paper-onboarding: e7c5683bf2c84eb9424f626579564e4c0a20d34a
  PNChartSwift: bcdfbffd65920072463eff42d0dfb46189bf4495
  PureLayout: 4d550abe49a94f24c2808b9b95db9131685fe4cd
  SimpleKeychain: b50cef3b87939d480ea1143425c00f5b4b70fe21
  SkyFloatingLabelTextField: 3f6610aded18e778df5cfab3b9e12a11b3e014e9
  Socket.IO-Client-Swift: 79dfbbe170d7816c84e2d3cc2baa3d227549e067
  SwiftDate: 971f8b9394f664f2226b9c3ab64e801a7291c612
  SwiftyJSON: 04ccea08915aa0109039157c7974cf0298da292a

PODFILE CHECKSUM: 0bc537988dc9d19dc8743f21544740c1000d51c0

COCOAPODS: 1.0.1
